
Microsoft Visual Studio Solution File, Format Version 10.00
# Visual Studio 2008
Project("{14B9BB9A-5B00-49EA-A980-8FDDC7EB1BF4}") = "SVS3", "SVS3.flexproj", "{13E8F6ED-E31E-4F9C-AF20-C04299784D2C}"
EndProject
Global
	GlobalSection(SolutionConfigurationPlatforms) = preSolution
		Debug|Any CPU = Debug|Any CPU
		Release|Any CPU = Release|Any CPU
	EndGlobalSection
	GlobalSection(ProjectConfigurationPlatforms) = postSolution
		{13E8F6ED-E31E-4F9C-AF20-C04299784D2C}.Debug|Any CPU.ActiveCfg = Debug|Any CPU
		{13E8F6ED-E31E-4F9C-AF20-C04299784D2C}.Debug|Any CPU.Build.0 = Debug|Any CPU
		{13E8F6ED-E31E-4F9C-AF20-C04299784D2C}.Release|Any CPU.ActiveCfg = Release|Any CPU
		{13E8F6ED-E31E-4F9C-AF20-C04299784D2C}.Release|Any CPU.Build.0 = Release|Any CPU
	EndGlobalSection
	GlobalSection(SolutionProperties) = preSolution
		HideSolutionNode = FALSE
	EndGlobalSection
EndGlobal
